<?xml version="1.0" encoding="UTF-8"?>
<Scheme
   LastUpgradeVersion = "2610"
   version = "2.1">
   <BuildAction
      parallelizeBuildables = "YES"
      buildImplicitDependencies = "YES"
      buildArchitectures = "Automatic">
      <BuildActionEntries>
         <BuildActionEntry
            buildForTesting = "YES"
            buildForRunning = "YES"
            buildForProfiling = "NO"
            buildForArchiving = "YES"
            buildForAnalyzing = "NO">
            <BuildableReference
               BuildableIdentifier = "primary"
               BlueprintIdentifier = "A54BF4642BF2E33C00CD24D4"
               BuildableName = "PingTestHost.app"
               BlueprintName = "PingTestHost"
               ReferencedContainer = "container:PingTestHost.xcodeproj">
            </BuildableReference>
         </BuildActionEntry>
         <BuildActionEntry
            buildForTesting = "YES"
            buildForRunning = "NO"
            buildForProfiling = "NO"
            buildForArchiving = "NO"
            buildForAnalyzing = "NO">
            <BuildableReference
               BuildableIdentifier = "primary"
               BlueprintIdentifier = "A5A31CA32E0A37C700ABBEF7"
               BuildableName = "ProtectTests.xctest"
               BlueprintName = "ProtectTests"
               ReferencedContainer = "container:../Protect/Protect.xcodeproj">
            </BuildableReference>
         </BuildActionEntry>
         <BuildActionEntry
            buildForTesting = "YES"
            buildForRunning = "NO"
            buildForProfiling = "NO"
            buildForArchiving = "NO"
            buildForAnalyzing = "NO">
            <BuildableReference
               BuildableIdentifier = "primary"
               BlueprintIdentifier = "1B7A9A802ED52F6400989A55"
               BuildableName = "NetworkTests.xctest"
               BlueprintName = "NetworkTests"
               ReferencedContainer = "container:../Network/Network.xcodeproj">
            </BuildableReference>
         </BuildActionEntry>
         <BuildActionEntry
            buildForTesting = "YES"
            buildForRunning = "YES"
            buildForProfiling = "NO"
            buildForArchiving = "NO"
            buildForAnalyzing = "NO">
            <TestPlanReference
               reference = "container:PingTestHost.xctestplan">
            </TestPlanReference>
         </BuildActionEntry>
         <BuildActionEntry
            buildForTesting = "YES"
            buildForRunning = "NO"
            buildForProfiling = "NO"
            buildForArchiving = "NO"
            buildForAnalyzing = "NO">
            <BuildableReference
               BuildableIdentifier = "primary"
               BlueprintIdentifier = "14C0CBAE9D4D412388F63F45"
               BuildableName = "PingOneMFATests.xctest"
               BlueprintName = "PingOneMFATests"
               ReferencedContainer = "container:../PingOneMFA/PingOneMFA.xcodeproj">
            </BuildableReference>
         </BuildActionEntry>
      </BuildActionEntries>
   </BuildAction>
   <TestAction
      buildConfiguration = "Debug"
      selectedDebuggerIdentifier = "Xcode.DebuggerFoundation.Debugger.LLDB"
      selectedLauncherIdentifier = "Xcode.DebuggerFoundation.Launcher.LLDB"
      shouldUseLaunchSchemeArgsEnv = "YES">
      <TestPlans>
         <TestPlanReference
            reference = "container:PingTestHost.xctestplan"
            default = "YES">
         </TestPlanReference>
      </TestPlans>
      <Testables>
         <TestableReference
            skipped = "NO">
            <BuildableReference
               BuildableIdentifier = "primary"
               BlueprintIdentifier = "3AB1CA0E2BD6F99C003FCE3C"
               BuildableName = "OidcTests.xctest"
               BlueprintName = "OidcTests"
               ReferencedContainer = "container:../PingOidc/Oidc.xcodeproj">
            </BuildableReference>
         </TestableReference>
         <TestableReference
            skipped = "NO">
            <BuildableReference
               BuildableIdentifier = "primary"
               BlueprintIdentifier = "3AB1CA0E2BD6F99C003FCE3C"
               BuildableName = "OidcTests.xctest"
               BlueprintName = "OidcTests"
               ReferencedContainer = "container:../PingOidc/Oidc.xcodeproj">
            </BuildableReference>
         </TestableReference>
         <TestableReference
            skipped = "NO">
            <BuildableReference
               BuildableIdentifier = "primary"
               BlueprintIdentifier = "A5A797032BE1782F004D0F2D"
               BuildableName = "StorageTests.xctest"
               BlueprintName = "StorageTests"
               ReferencedContainer = "container:../Storage/Storage.xcodeproj">
            </BuildableReference>
         </TestableReference>
         <TestableReference
            skipped = "NO">
            <BuildableReference
               BuildableIdentifier = "primary"
               BlueprintIdentifier = "A5A796B52BE04E68004D0F2D"
               BuildableName = "LoggerTests.xctest"
               BlueprintName = "LoggerTests"
               ReferencedContainer = "container:../Logger/Logger.xcodeproj">
            </BuildableReference>
         </TestableReference>
         <TestableReference
            skipped = "NO">
            <BuildableReference
               BuildableIdentifier = "primary"
               BlueprintIdentifier = "3AB1CA0E2BD6F99C003FCE3C"
               BuildableName = "OidcTests.xctest"
               BlueprintName = "OidcTests"
               ReferencedContainer = "container:../Oidc/Oidc.xcodeproj">
            </BuildableReference>
         </TestableReference>
         <TestableReference
            skipped = "NO">
            <BuildableReference
               BuildableIdentifier = "primary"
               BlueprintIdentifier = "3A5441A82BCDF20700385131"
               BuildableName = "DavinciTests.xctest"
               BlueprintName = "DavinciTests"
               ReferencedContainer = "container:../Davinci/Davinci.xcodeproj">
            </BuildableReference>
         </TestableReference>
         <TestableReference
            skipped = "NO">
            <BuildableReference
               BuildableIdentifier = "primary"
               BlueprintIdentifier = "ECB7C6682D5A1FAB0006F1C8"
               BuildableName = "PingBrowserTests.xctest"
               BlueprintName = "PingBrowserTests"
               ReferencedContainer = "container:../Browser/Browser.xcodeproj">
            </BuildableReference>
         </TestableReference>
         <TestableReference
            skipped = "NO">
            <BuildableReference
               BuildableIdentifier = "primary"
               BlueprintIdentifier = "ECB7C6682D5A1FAB0006F1C8"
               BuildableName = "PingBrowserTests.xctest"
               BlueprintName = "PingBrowserTests"
               ReferencedContainer = "container:../Browser/Browser.xcodeproj">
            </BuildableReference>
         </TestableReference>
         <TestableReference
            skipped = "NO">
            <BuildableReference
               BuildableIdentifier = "primary"
               BlueprintIdentifier = "ECB7C6972D5A2C1F0006F1C8"
               BuildableName = "External-idpTests.xctest"
               BlueprintName = "External-idpTests"
               ReferencedContainer = "container:../Extrernal-idp/External-idp.xcodeproj">
            </BuildableReference>
         </TestableReference>
         <TestableReference
            skipped = "NO">
            <BuildableReference
               BuildableIdentifier = "primary"
               BlueprintIdentifier = "ECB7C6972D5A2C1F0006F1C8"
               BuildableName = "PingExternal-idpTests.xctest"
               BlueprintName = "PingExternal-idpTests"
               ReferencedContainer = "container:../External-idp/External-i.xcodeproj">
            </BuildableReference>
         </TestableReference>
         <TestableReference
            skipped = "NO">
            <BuildableReference
               BuildableIdentifier = "primary"
               BlueprintIdentifier = "ECA7A2AB2DC24BC60011E59C"
               BuildableName = "ExternalIdPAppleTests.xctest"
               BlueprintName = "ExternalIdPAppleTests"
               ReferencedContainer = "container:../External-idp-Apple/ExternalIdPApple.xcodeproj">
            </BuildableReference>
         </TestableReference>
         <TestableReference
            skipped = "NO">
            <BuildableReference
               BuildableIdentifier = "primary"
               BlueprintIdentifier = "EC5EA5432DC2295E000C2737"
               BuildableName = "ExternalIdPFacebookTests.xctest"
               BlueprintName = "ExternalIdPFacebookTests"
               ReferencedContainer = "container:../External-idp-Facebook/ExternalIdPFacebook.xcodeproj">
            </BuildableReference>
         </TestableReference>
         <TestableReference
            skipped = "NO">
            <BuildableReference
               BuildableIdentifier = "primary"
               BlueprintIdentifier = "ECA7A2EF2DC251870011E59C"
               BuildableName = "ExternalIdPGoogleTests.xctest"
               BlueprintName = "ExternalIdPGoogleTests"
               ReferencedContainer = "container:../External-idp-Google/ExternalIdPGoogle.xcodeproj">
            </BuildableReference>
         </TestableReference>
         <TestableReference
            skipped = "NO">
            <BuildableReference
               BuildableIdentifier = "primary"
               BlueprintIdentifier = "A5A31CA32E0A37C700ABBEF7"
               BuildableName = "ProtectTests.xctest"
               BlueprintName = "ProtectTests"
               ReferencedContainer = "container:../Protect/Protect.xcodeproj">
            </BuildableReference>
         </TestableReference>
         <TestableReference
            skipped = "NO">
            <BuildableReference
               BuildableIdentifier = "primary"
               BlueprintIdentifier = "EC727A2C2E019243005D9E28"
               BuildableName = "JourneyTests.xctest"
               BlueprintName = "JourneyTests"
               ReferencedContainer = "container:../Journey/Journey.xcodeproj">
            </BuildableReference>
         </TestableReference>
         <TestableReference
            skipped = "NO">
            <BuildableReference
               BuildableIdentifier = "primary"
               BlueprintIdentifier = "ECA7A2AB2DC24BC60011E59C"
               BuildableName = "ExternalIdPAppleTests.xctest"
               BlueprintName = "ExternalIdPAppleTests"
               ReferencedContainer = "container:../ExternalIdPApple/ExternalIdPApple.xcodeproj">
            </BuildableReference>
         </TestableReference>
         <TestableReference
            skipped = "NO">
            <BuildableReference
               BuildableIdentifier = "primary"
               BlueprintIdentifier = "EC5EA5432DC2295E000C2737"
               BuildableName = "ExternalIdPFacebookTests.xctest"
               BlueprintName = "ExternalIdPFacebookTests"
               ReferencedContainer = "container:../ExternalIdPFacebook/ExternalIdPFacebook.xcodeproj">
            </BuildableReference>
         </TestableReference>
         <TestableReference
            skipped = "NO">
            <BuildableReference
               BuildableIdentifier = "primary"
               BlueprintIdentifier = "ECA7A2EF2DC251870011E59C"
               BuildableName = "ExternalIdPGoogleTests.xctest"
               BlueprintName = "ExternalIdPGoogleTests"
               ReferencedContainer = "container:../ExternalIdPGoogle/ExternalIdPGoogle.xcodeproj">
            </BuildableReference>
         </TestableReference>
         <TestableReference
            skipped = "NO">
            <BuildableReference
               BuildableIdentifier = "primary"
               BlueprintIdentifier = "ECA7A2AB2DC24BC60011E59C"
               BuildableName = "ExternalIdPAppleTests.xctest"
               BlueprintName = "ExternalIdPAppleTests"
               ReferencedContainer = "container:../ExternalIdPApple/ExternalIdPApple.xcodeproj">
            </BuildableReference>
         </TestableReference>
         <TestableReference
            skipped = "NO">
            <BuildableReference
               BuildableIdentifier = "primary"
               BlueprintIdentifier = "EC5EA5432DC2295E000C2737"
               BuildableName = "ExternalIdPFacebookTests.xctest"
               BlueprintName = "ExternalIdPFacebookTests"
               ReferencedContainer = "container:../ExternalIdPFacebook/ExternalIdPFacebook.xcodeproj">
            </BuildableReference>
         </TestableReference>
         <TestableReference
            skipped = "NO">
            <BuildableReference
               BuildableIdentifier = "primary"
               BlueprintIdentifier = "ECA7A2EF2DC251870011E59C"
               BuildableName = "ExternalIdPGoogleTests.xctest"
               BlueprintName = "ExternalIdPGoogleTests"
               ReferencedContainer = "container:../ExternalIdPGoogle/ExternalIdPGoogle.xcodeproj">
            </BuildableReference>
         </TestableReference>
         <TestableReference
            skipped = "NO">
            <BuildableReference
               BuildableIdentifier = "primary"
               BlueprintIdentifier = "EC23D5852E2FD12100C43D42"
               BuildableName = "DeviceIdTests.xctest"
               BlueprintName = "DeviceIdTests"
               ReferencedContainer = "container:../Device/DeviceId.xcodeproj">
            </BuildableReference>
         </TestableReference>
         <TestableReference
            skipped = "NO">
            <BuildableReference
               BuildableIdentifier = "primary"
               BlueprintIdentifier = "EC23D5852E2FD12100C43D42"
               BuildableName = "DeviceIdTests.xctest"
               BlueprintName = "DeviceIdTests"
               ReferencedContainer = "container:../DeviceId/DeviceId.xcodeproj">
            </BuildableReference>
         </TestableReference>
         <TestableReference
            skipped = "NO">
            <BuildableReference
               BuildableIdentifier = "primary"
               BlueprintIdentifier = "EC59E1612E7AD21700A91E66"
               BuildableName = "TamplerDetectorTests.xctest"
               BlueprintName = "TamplerDetectorTests"
               ReferencedContainer = "container:../TamperDetector/TamperDetector.xcodeproj">
            </BuildableReference>
         </TestableReference>
         <TestableReference
            skipped = "NO">
            <BuildableReference
               BuildableIdentifier = "primary"
               BlueprintIdentifier = "A569DBA82E789BD200F4D7A8"
               BuildableName = "DeviceProfileTests.xctest"
               BlueprintName = "DeviceProfileTests"
               ReferencedContainer = "container:../DeviceProfile/DeviceProfile.xcodeproj">
            </BuildableReference>
         </TestableReference>
         <TestableReference
            skipped = "NO">
            <BuildableReference
               BuildableIdentifier = "primary"
               BlueprintIdentifier = "1B29338F2E7DF20A004D1D38"
               BuildableName = "OathTests.xctest"
               BlueprintName = "OathTests"
               ReferencedContainer = "container:../Oath/Oath.xcodeproj">
            </BuildableReference>
         </TestableReference>
         <TestableReference
            skipped = "NO">
            <BuildableReference
               BuildableIdentifier = "primary"
               BlueprintIdentifier = "1B29338F2E7DF20A004D1D38"
               BuildableName = "OathTests.xctest"
               BlueprintName = "OathTests"
               ReferencedContainer = "container:../Oath/Oath.xcodeproj">
            </BuildableReference>
         </TestableReference>
         <TestableReference
            skipped = "NO">
            <BuildableReference
               BuildableIdentifier = "primary"
               BlueprintIdentifier = "1B75AC322E8210E1002B5DDD"
               BuildableName = "MfaCommonsTests.xctest"
               BlueprintName = "MfaCommonsTests"
               ReferencedContainer = "container:../MfaCommons/MfaCommons.xcodeproj">
            </BuildableReference>
         </TestableReference>
         <TestableReference
            skipped = "NO">
            <BuildableReference
               BuildableIdentifier = "primary"
               BlueprintIdentifier = "1B29338F2E7DF20A004D1D38"
               BuildableName = "OathTests.xctest"
               BlueprintName = "OathTests"
               ReferencedContainer = "container:../Oath/Oath.xcodeproj">
            </BuildableReference>
         </TestableReference>
         <TestableReference
            skipped = "NO">
            <BuildableReference
               BuildableIdentifier = "primary"
               BlueprintIdentifier = "1B29338F2E7DF20A004D1D38"
               BuildableName = "OathTests.xctest"
               BlueprintName = "OathTests"
               ReferencedContainer = "container:../Oath/Oath.xcodeproj">
            </BuildableReference>
         </TestableReference>
         <TestableReference
            skipped = "NO">
            <BuildableReference
               BuildableIdentifier = "primary"
               BlueprintIdentifier = "1B75AC322E8210E1002B5DDD"
               BuildableName = "MfaCommonsTests.xctest"
               BlueprintName = "MfaCommonsTests"
               ReferencedContainer = "container:../MfaCommons/MfaCommons.xcodeproj">
            </BuildableReference>
         </TestableReference>
         <TestableReference
            skipped = "NO">
            <BuildableReference
               BuildableIdentifier = "primary"
               BlueprintIdentifier = "1B75AC322E8210E1002B5DDD"
               BuildableName = "MfaCommonsTests.xctest"
               BlueprintName = "MfaCommonsTests"
               ReferencedContainer = "container:../MfaCommons/MfaCommons.xcodeproj">
            </BuildableReference>
         </TestableReference>
         <TestableReference
            skipped = "NO">
            <BuildableReference
               BuildableIdentifier = "primary"
               BlueprintIdentifier = "ECD5A2A42E8FE40C00A27205"
               BuildableName = "Fido2Tests.xctest"
               BlueprintName = "Fido2Tests"
               ReferencedContainer = "container:../Fido2/Fido2.xcodeproj">
            </BuildableReference>
         </TestableReference>
         <TestableReference
            skipped = "NO">
            <BuildableReference
               BuildableIdentifier = "primary"
               BlueprintIdentifier = "A5C0ABFC2EAFFFDF00846D16"
               BuildableName = "ReCaptchaEnterpriseTests.xctest"
               BlueprintName = "ReCaptchaEnterpriseTests"
               ReferencedContainer = "container:../ReCaptchaEnterprise/ReCaptchaEnterprise.xcodeproj">
            </BuildableReference>
         </TestableReference>
         <TestableReference
            skipped = "NO">
            <BuildableReference
               BuildableIdentifier = "primary"
               BlueprintIdentifier = "A570D4CB2ECC0D6200CBBCCF"
               BuildableName = "DeviceClientTests.xctest"
               BlueprintName = "DeviceClientTests"
               ReferencedContainer = "container:../DeviceClient/DeviceClient.xcodeproj">
            </BuildableReference>
         </TestableReference>
         <TestableReference
            skipped = "NO">
            <BuildableReference
               BuildableIdentifier = "primary"
               BlueprintIdentifier = "1B7C49B82EAAB6E300E3C0AC"
               BuildableName = "PushTests.xctest"
               BlueprintName = "PushTests"
               ReferencedContainer = "container:../Push/Push.xcodeproj">
            </BuildableReference>
         </TestableReference>
         <TestableReference
            skipped = "NO">
            <BuildableReference
               BuildableIdentifier = "primary"
               BlueprintIdentifier = "EC5C814D2ECF66D100C91570"
               BuildableName = "PingDavinciPluginTests.xctest"
               BlueprintName = "PingDavinciPluginTests"
               ReferencedContainer = "container:../DavinciPlugin/DavinciPlugin/DavinciPlugin.xcodeproj">
            </BuildableReference>
         </TestableReference>
         <TestableReference
            skipped = "NO">
            <BuildableReference
               BuildableIdentifier = "primary"
               BlueprintIdentifier = "4D205FDC26F64EF2AE058C6C"
               BuildableName = "AuthMigrationTests.xctest"
               BlueprintName = "AuthMigrationTests"
               ReferencedContainer = "container:../AuthMigration/AuthMigration.xcodeproj">
            </BuildableReference>
         </TestableReference>
         <TestableReference
            skipped = "NO">
            <BuildableReference
               BuildableIdentifier = "primary"
               BlueprintIdentifier = "A56741AC2EE1EBFD009D29B9"
               BuildableName = "CommonsTests.xctest"
               BlueprintName = "CommonsTests"
               ReferencedContainer = "container:../Commons/Commons.xcodeproj">
            </BuildableReference>
         </TestableReference>
         <TestableReference
            skipped = "NO">
            <BuildableReference
               BuildableIdentifier = "primary"
               BlueprintIdentifier = "EC5C81822ECF67B700C91570"
               BuildableName = "PingJourneyPluginTests.xctest"
               BlueprintName = "PingJourneyPluginTests"
               ReferencedContainer = "container:../JourneyPlugin/JourneyPlugin/JourneyPlugin.xcodeproj">
            </BuildableReference>
         </TestableReference>
         <TestableReference
            skipped = "NO">
            <BuildableReference
               BuildableIdentifier = "primary"
               BlueprintIdentifier = "1B7A9A802ED52F6400989A55"
               BuildableName = "NetworkTests.xctest"
               BlueprintName = "NetworkTests"
               ReferencedContainer = "container:../Network/Network.xcodeproj">
            </BuildableReference>
         </TestableReference>
         <TestableReference
            skipped = "NO">
            <BuildableReference
               BuildableIdentifier = "primary"
               BlueprintIdentifier = "EC5C814D2ECF66D100C91570"
               BuildableName = "PingDavinciPluginTests.xctest"
               BlueprintName = "PingDavinciPluginTests"
               ReferencedContainer = "container:../DavinciPlugin/DavinciPlugin.xcodeproj">
            </BuildableReference>
         </TestableReference>
         <TestableReference
            skipped = "NO">
            <BuildableReference
               BuildableIdentifier = "primary"
               BlueprintIdentifier = "EC5C81822ECF67B700C91570"
               BuildableName = "PingJourneyPluginTests.xctest"
               BlueprintName = "PingJourneyPluginTests"
               ReferencedContainer = "container:../JourneyPlugin/JourneyPlugin.xcodeproj">
            </BuildableReference>
         </TestableReference>
         <TestableReference
            skipped = "NO">
            <BuildableReference
               BuildableIdentifier = "primary"
               BlueprintIdentifier = "14C0CBAE9D4D412388F63F45"
               BuildableName = "PingOneMFATests.xctest"
               BlueprintName = "PingOneMFATests"
               ReferencedContainer = "container:../PingOneMFA/PingOneMFA.xcodeproj">
            </BuildableReference>
         </TestableReference>
      </Testables>
   </TestAction>
   <LaunchAction
      buildConfiguration = "Debug"
      selectedDebuggerIdentifier = "Xcode.DebuggerFoundation.Debugger.LLDB"
      selectedLauncherIdentifier = "Xcode.DebuggerFoundation.Launcher.LLDB"
      launchStyle = "0"
      useCustomWorkingDirectory = "NO"
      ignoresPersistentStateOnLaunch = "NO"
      debugDocumentVersioning = "YES"
      debugServiceExtension = "internal"
      allowLocationSimulation = "YES">
      <EnvironmentVariables>
         <EnvironmentVariable
            key = "IDEPreferLogStreaming"
            value = "YES"
            isEnabled = "YES">
         </EnvironmentVariable>
      </EnvironmentVariables>
   </LaunchAction>
   <ProfileAction
      buildConfiguration = "Release"
      shouldUseLaunchSchemeArgsEnv = "YES"
      savedToolIdentifier = ""
      useCustomWorkingDirectory = "NO"
      debugDocumentVersioning = "YES">
   </ProfileAction>
   <AnalyzeAction
      buildConfiguration = "Debug">
   </AnalyzeAction>
   <ArchiveAction
      buildConfiguration = "Release"
      revealArchiveInOrganizer = "YES">
   </ArchiveAction>
</Scheme>
